// !$*UTF8*$!
{
	archiveVersion = 1;
	classes = {
	};
	objectVersion = 56;
	objects = {

/* Begin PBXBuildFile section */
		49A494A22AEDE3A9004597C2 /* Code_HistoryApp.swift in Sources */ = {isa = PBXBuildFile; fileRef = 49A494A12AEDE3A9004597C2 /* Code_HistoryApp.swift */; };
		49A494A42AEDE3A9004597C2 /* ContentView.swift in Sources */ = {isa = PBXBuildFile; fileRef = 49A494A32AEDE3A9004597C2 /* ContentView.swift */; };
		49A494A62AEDE3AC004597C2 /* Assets.xcassets in Resources */ = {isa = PBXBuildFile; fileRef = 49A494A52AEDE3AC004597C2 /* Assets.xcassets */; };
		49A494A92AEDE3AC004597C2 /* Preview Assets.xcassets in Resources */ = {isa = PBXBuildFile; fileRef = 49A494A82AEDE3AC004597C2 /* Preview Assets.xcassets */; };
		49A494B32AEDE3AC004597C2 /* Code_HistoryTests.swift in Sources */ = {isa = PBXBuildFile; fileRef = 49A494B22AEDE3AC004597C2 /* Code_HistoryTests.swift */; };
		49A494BD2AEDE3AC004597C2 /* Code_HistoryUITests.swift in Sources */ = {isa = PBXBuildFile; fileRef = 49A494BC2AEDE3AC004597C2 /* Code_HistoryUITests.swift */; };
		49A494BF2AEDE3AC004597C2 /* Code_HistoryUITestsLaunchTests.swift in Sources */ = {isa = PBXBuildFile; fileRef = 49A494BE2AEDE3AC004597C2 /* Code_HistoryUITestsLaunchTests.swift */; };
/* End PBXBuildFile section */

/* Begin PBXContainerItemProxy section */
		49A494AF2AEDE3AC004597C2 /* PBXContainerItemProxy */ = {
			isa = PBXContainerItemProxy;
			containerPortal = 49A494962AEDE3A9004597C2 /* Project object */;
			proxyType = 1;
			remoteGlobalIDString = 49A4949D2AEDE3A9004597C2;
			remoteInfo = "Code History";
		};
		49A494B92AEDE3AC004597C2 /* PBXContainerItemProxy */ = {
			isa = PBXContainerItemProxy;
			containerPortal = 49A494962AEDE3A9004597C2 /* Project object */;
			proxyType = 1;
			remoteGlobalIDString = 49A4949D2AEDE3A9004597C2;
			remoteInfo = "Code History";
		};
/* End PBXContainerItemProxy section */

/* Begin PBXFileReference section */
		49A4949E2AEDE3A9004597C2 /* Code History.app */ = {isa = PBXFileReference; explicitFileType = wrapper.application; includeInIndex = 0; path = "Code History.app"; sourceTree = BUILT_PRODUCTS_DIR; };
		49A494A12AEDE3A9004597C2 /* Code_HistoryApp.swift */ = {isa = PBXFileReference; lastKnownFileType = sourcecode.swift; path = Code_HistoryApp.swift; sourceTree = "<group>"; };
		49A494A32AEDE3A9004597C2 /* ContentView.swift */ = {isa = PBXFileReference; lastKnownFileType = sourcecode.swift; path = ContentView.swift; sourceTree = "<group>"; };
		49A494A52AEDE3AC004597C2 /* Assets.xcassets */ = {isa = PBXFileReference; lastKnownFileType = folder.assetcatalog; path = Assets.xcassets; sourceTree = "<group>"; };
		49A494A82AEDE3AC004597C2 /* Preview Assets.xcassets */ = {isa = PBXFileReference; lastKnownFileType = folder.assetcatalog; path = "Preview Assets.xcassets"; sourceTree = "<group>"; };
		49A494AE2AEDE3AC004597C2 /* Code HistoryTests.xctest */ = {isa = PBXFileReference; explicitFileType = wrapper.cfbundle; includeInIndex = 0; path = "Code HistoryTests.xctest"; sourceTree = BUILT_PRODUCTS_DIR; };
		49A494B22AEDE3AC004597C2 /* Code_HistoryTests.swift */ = {isa = PBXFileReference; lastKnownFileType = sourcecode.swift; path = Code_HistoryTests.swift; sourceTree = "<group>"; };
		49A494B82AEDE3AC004597C2 /* Code HistoryUITests.xctest */ = {isa = PBXFileReference; explicitFileType = wrapper.cfbundle; includeInIndex = 0; path = "Code HistoryUITests.xctest"; sourceTree = BUILT_PRODUCTS_DIR; };
		49A494BC2AEDE3AC004597C2 /* Code_HistoryUITests.swift */ = {isa = PBXFileReference; lastKnownFileType = sourcecode.swift; path = Code_HistoryUITests.swift; sourceTree = "<group>"; };
		49A494BE2AEDE3AC004597C2 /* Code_HistoryUITestsLaunchTests.swift */ = {isa = PBXFileReference; lastKnownFileType = sourcecode.swift; path = Code_HistoryUITestsLaunchTests.swift; sourceTree = "<group>"; };
/* End PBXFileReference section */

/* Begin PBXFrameworksBuildPhase section */
		49A4949B2AEDE3A9004597C2 /* Frameworks */ = {
			isa = PBXFrameworksBuildPhase;
			buildActionMask = 2147483647;
			files = (
			);
			runOnlyForDeploymentPostprocessing = 0;
		};
		49A494AB2AEDE3AC004597C2 /* Frameworks */ = {
			isa = PBXFrameworksBuildPhase;
			buildActionMask = 2147483647;
			files = (
			);
			runOnlyForDeploymentPostprocessing = 0;
		};
		49A494B52AEDE3AC004597C2 /* Frameworks */ = {
			isa = PBXFrameworksBuildPhase;
			buildActionMask = 2147483647;
			files = (
			);
			runOnlyForDeploymentPostprocessing = 0;
		};
/* End PBXFrameworksBuildPhase section */

/* Begin PBXGroup section */
		49A494952AEDE3A9004597C2 = {
			isa = PBXGroup;
			children = (
				49A494A02AEDE3A9004597C2 /* Code History */,
				49A494B12AEDE3AC004597C2 /* Code HistoryTests */,
				49A494BB2AEDE3AC004597C2 /* Code HistoryUITests */,
				49A4949F2AEDE3A9004597C2 /* Products */,
			);
			sourceTree = "<group>";
		};
		49A4949F2AEDE3A9004597C2 /* Products */ = {
			isa = PBXGroup;
			children = (
				49A4949E2AEDE3A9004597C2 /* Code History.app */,
				49A494AE2AEDE3AC004597C2 /* Code HistoryTests.xctest */,
				49A494B82AEDE3AC004597C2 /* Code HistoryUITests.xctest */,
			);
			name = Products;
			sourceTree = "<group>";
		};
		49A494A02AEDE3A9004597C2 /* Code History */ = {
			isa = PBXGroup;
			children = (
				49A494A12AEDE3A9004597C2 /* Code_HistoryApp.swift */,
				49A494A32AEDE3A9004597C2 /* ContentView.swift */,
				49A494A52AEDE3AC004597C2 /* Assets.xcassets */,
				49A494A72AEDE3AC004597C2 /* Preview Content */,
			);
			path = "Code History";
			sourceTree = "<group>";
		};
		49A494A72AEDE3AC004597C2 /* Preview Content */ = {
			isa = PBXGroup;
			children = (
				49A494A82AEDE3AC004597C2 /* Preview Assets.xcassets */,
			);
			path = "Preview Content";
			sourceTree = "<group>";
		};
		49A494B12AEDE3AC004597C2 /* Code HistoryTests */ = {
			isa = PBXGroup;
			children = (
				49A494B22AEDE3AC004597C2 /* Code_HistoryTests.swift */,
			);
			path = "Code HistoryTests";
			sourceTree = "<group>";
		};
		49A494BB2AEDE3AC004597C2 /* Code HistoryUITests */ = {
			isa = PBXGroup;
			children = (
				49A494BC2AEDE3AC004597C2 /* Code_HistoryUITests.swift */,
				49A494BE2AEDE3AC004597C2 /* Code_HistoryUITestsLaunchTests.swift */,
			);
			path = "Code HistoryUITests";
			sourceTree = "<group>";
		};
/* End PBXGroup section */

/* Begin PBXNativeTarget section */
		49A4949D2AEDE3A9004597C2 /* Code History */ = {
			isa = PBXNativeTarget;
			buildConfigurationList = 49A494C22AEDE3AC004597C2 /* Build configuration list for PBXNativeTarget "Code History" */;
			buildPhases = (
				49A4949A2AEDE3A9004597C2 /* Sources */,
				49A4949B2AEDE3A9004597C2 /* Frameworks */,
				49A4949C2AEDE3A9004597C2 /* Resources */,
			);
			buildRules = (
			);
			dependencies = (
			);
			name = "Code History";
			productName = "Code History";
			productReference = 49A4949E2AEDE3A9004597C2 /* Code History.app */;
			productType = "com.apple.product-type.application";
		};
		49A494AD2AEDE3AC004597C2 /* Code HistoryTests */ = {
			isa = PBXNativeTarget;
			buildConfigurationList = 49A494C52AEDE3AC004597C2 /* Build configuration list for PBXNativeTarget "Code HistoryTests" */;
			buildPhases = (
				49A494AA2AEDE3AC004597C2 /* Sources */,
				49A494AB2AEDE3AC004597C2 /* Frameworks */,
				49A494AC2AEDE3AC004597C2 /* Resources */,
			);
			buildRules = (
			);
			dependencies = (
				49A494B02AEDE3AC004597C2 /* PBXTargetDependency */,
			);
			name = "Code HistoryTests";
			productName = "Code HistoryTests";
			productReference = 49A494AE2AEDE3AC004597C2 /* Code HistoryTests.xctest */;
			productType = "com.apple.product-type.bundle.unit-test";
		};
		49A494B72AEDE3AC004597C2 /* Code HistoryUITests */ = {
			isa = PBXNativeTarget;
			buildConfigurationList = 49A494C82AEDE3AC004597C2 /* Build configuration list for PBXNativeTarget "Code HistoryUITests" */;
			buildPhases = (
				49A494B42AEDE3AC004597C2 /* Sources */,
				49A494B52AEDE3AC004597C2 /* Frameworks */,
				49A494B62AEDE3AC004597C2 /* Resources */,
			);
			buildRules = (
			);
			dependencies = (
				49A494BA2AEDE3AC004597C2 /* PBXTargetDependency */,
			);
			name = "Code HistoryUITests";
			productName = "Code HistoryUITests";
			productReference = 49A494B82AEDE3AC004597C2 /* Code HistoryUITests.xctest */;
			productType = "com.apple.product-type.bundle.ui-testing";
		};
/* End PBXNativeTarget section */

/* Begin PBXProject section */
		49A494962AEDE3A9004597C2 /* Project object */ = {
			isa = PBXProject;
			attributes = {
				BuildIndependentTargetsInParallel = 1;
				LastSwiftUpdateCheck = 1420;
				LastUpgradeCheck = 1420;
				TargetAttributes = {
					49A4949D2AEDE3A9004597C2 = {
						CreatedOnToolsVersion = 14.2;
					};
					49A494AD2AEDE3AC004597C2 = {
						CreatedOnToolsVersion = 14.2;
						TestTargetID = 49A4949D2AEDE3A9004597C2;
					};
					49A494B72AEDE3AC004597C2 = {
						CreatedOnToolsVersion = 14.2;
						TestTargetID = 49A4949D2AEDE3A9004597C2;
					};
				};
			};
			buildConfigurationList = 49A494992AEDE3A9004597C2 /* Build configuration list for PBXProject "Code History" */;
			compatibilityVersion = "Xcode 14.0";
			developmentRegion = en;
			hasScannedForEncodings = 0;
			knownRegions = (
				en,
				Base,
			);
			mainGroup = 49A494952AEDE3A9004597C2;
			productRefGroup = 49A4949F2AEDE3A9004597C2 /* Products */;
			projectDirPath = "";
			projectRoot = "";
			targets = (
				49A4949D2AEDE3A9004597C2 /* Code History */,
				49A494AD2AEDE3AC004597C2 /* Code HistoryTests */,
				49A494B72AEDE3AC004597C2 /* Code HistoryUITests */,
			);
		};
/* End PBXProject section */

/* Begin PBXResourcesBuildPhase section */
		49A4949C2AEDE3A9004597C2 /* Resources */ = {
			isa = PBXResourcesBuildPhase;
			buildActionMask = 2147483647;
			files = (
				49A494A92AEDE3AC004597C2 /* Preview Assets.xcassets in Resources */,
				49A494A62AEDE3AC004597C2 /* Assets.xcassets in Resources */,
			);
			runOnlyForDeploymentPostprocessing = 0;
		};
		49A494AC2AEDE3AC004597C2 /* Resources */ = {
			isa = PBXResourcesBuildPhase;
			buildActionMask = 2147483647;
			files = (
			);
			runOnlyForDeploymentPostprocessing = 0;
		};
		49A494B62AEDE3AC004597C2 /* Resources */ = {
			isa = PBXResourcesBuildPhase;
			buildActionMask = 2147483647;
			files = (
			);
			runOnlyForDeploymentPostprocessing = 0;
		};
/* End PBXResourcesBuildPhase section */

/* Begin PBXSourcesBuildPhase section */
		49A4949A2AEDE3A9004597C2 /* Sources */ = {
			isa = PBXSourcesBuildPhase;
			buildActionMask = 2147483647;
			files = (
				49A494A42AEDE3A9004597C2 /* ContentView.swift in Sources */,
				49A494A22AEDE3A9004597C2 /* Code_HistoryApp.swift in Sources */,
			);
			runOnlyForDeploymentPostprocessing = 0;
		};
		49A494AA2AEDE3AC004597C2 /* Sources */ = {
			isa = PBXSourcesBuildPhase;
			buildActionMask = 2147483647;
			files = (
				49A494B32AEDE3AC004597C2 /* Code_HistoryTests.swift in Sources */,
			);
			runOnlyForDeploymentPostprocessing = 0;
		};
		49A494B42AEDE3AC004597C2 /* Sources */ = {
			isa = PBXSourcesBuildPhase;
			buildActionMask = 2147483647;
			files = (
				49A494BF2AEDE3AC004597C2 /* Code_HistoryUITestsLaunchTests.swift in Sources */,
				49A494BD2AEDE3AC004597C2 /* Code_HistoryUITests.swift in Sources */,
			);
			runOnlyForDeploymentPostprocessing = 0;
		};
/* End PBXSourcesBuildPhase section */

/* Begin PBXTargetDependency section */
		49A494B02AEDE3AC004597C2 /* PBXTargetDependency */ = {
			isa = PBXTargetDependency;
			target = 49A4949D2AEDE3A9004597C2 /* Code History */;
			targetProxy = 49A494AF2AEDE3AC004597C2 /* PBXContainerItemProxy */;
		};
		49A494BA2AEDE3AC004597C2 /* PBXTargetDependency */ = {
			isa = PBXTargetDependency;
			target = 49A4949D2AEDE3A9004597C2 /* Code History */;
			targetProxy = 49A494B92AEDE3AC004597C2 /* PBXContainerItemProxy */;
		};
/* End PBXTargetDependency section */

/* Begin XCBuildConfiguration section */
		49A494C02AEDE3AC004597C2 /* Debug */ = {
			isa = XCBuildConfiguration;
			buildSettings = {
				ALWAYS_SEARCH_USER_PATHS = NO;
				CLANG_ANALYZER_NONNULL = YES;
				CLANG_ANALYZER_NUMBER_OBJECT_CONVERSION = YES_AGGRESSIVE;
				CLANG_CXX_LANGUAGE_STANDARD = "gnu++20";
				CLANG_ENABLE_MODULES = YES;
				CLANG_ENABLE_OBJC_ARC = YES;
				CLANG_ENABLE_OBJC_WEAK = YES;
				CLANG_WARN_BLOCK_CAPTURE_AUTORELEASING = YES;
				CLANG_WARN_BOOL_CONVERSION = YES;
				CLANG_WARN_COMMA = YES;
				CLANG_WARN_CONSTANT_CONVERSION = YES;
				CLANG_WARN_DEPRECATED_OBJC_IMPLEMENTATIONS = YES;
				CLANG_WARN_DIRECT_OBJC_ISA_USAGE = YES_ERROR;
				CLANG_WARN_DOCUMENTATION_COMMENTS = YES;
				CLANG_WARN_EMPTY_BODY = YES;
				CLANG_WARN_ENUM_CONVERSION = YES;
				CLANG_WARN_INFINITE_RECURSION = YES;
				CLANG_WARN_INT_CONVERSION = YES;
				CLANG_WARN_NON_LITERAL_NULL_CONVERSION = YES;
				CLANG_WARN_OBJC_IMPLICIT_RETAIN_SELF = YES;
				CLANG_WARN_OBJC_LITERAL_CONVERSION = YES;
				CLANG_WARN_OBJC_ROOT_CLASS = YES_ERROR;
				CLANG_WARN_QUOTED_INCLUDE_IN_FRAMEWORK_HEADER = YES;
				CLANG_WARN_RANGE_LOOP_ANALYSIS = YES;
				CLANG_WARN_STRICT_PROTOTYPES = YES;
				CLANG_WARN_SUSPICIOUS_MOVE = YES;
				CLANG_WARN_UNGUARDED_AVAILABILITY = YES_AGGRESSIVE;
				CLANG_WARN_UNREACHABLE_CODE = YES;
				CLANG_WARN__DUPLICATE_METHOD_MATCH = YES;
				COPY_PHASE_STRIP = NO;
				DEBUG_INFORMATION_FORMAT = dwarf;
				ENABLE_STRICT_OBJC_MSGSEND = YES;
				ENABLE_TESTABILITY = YES;
				GCC_C_LANGUAGE_STANDARD = gnu11;
				GCC_DYNAMIC_NO_PIC = NO;
				GCC_NO_COMMON_BLOCKS = YES;
				GCC_OPTIMIZATION_LEVEL = 0;
				GCC_PREPROCESSOR_DEFINITIONS = (
					"DEBUG=1",
					"$(inherited)",
				);
				GCC_WARN_64_TO_32_BIT_CONVERSION = YES;
				GCC_WARN_ABOUT_RETURN_TYPE = YES_ERROR;
				GCC_WARN_UNDECLARED_SELECTOR = YES;
				GCC_WARN_UNINITIALIZED_AUTOS = YES_AGGRESSIVE;
				GCC_WARN_UNUSED_FUNCTION = YES;
				GCC_WARN_UNUSED_VARIABLE = YES;
				IPHONEOS_DEPLOYMENT_TARGET = 16.2;
				MTL_ENABLE_DEBUG_INFO = INCLUDE_SOURCE;
				MTL_FAST_MATH = YES;
				ONLY_ACTIVE_ARCH = YES;
				SDKROOT = iphoneos;
				SWIFT_ACTIVE_COMPILATION_CONDITIONS = DEBUG;
				SWIFT_OPTIMIZATION_LEVEL = "-Onone";
			};
			name = Debug;
		};
		49A494C12AEDE3AC004597C2 /* Release */ = {
			isa = XCBuildConfiguration;
			buildSettings = {
				ALWAYS_SEARCH_USER_PATHS = NO;
				CLANG_ANALYZER_NONNULL = YES;
				CLANG_ANALYZER_NUMBER_OBJECT_CONVERSION = YES_AGGRESSIVE;
				CLANG_CXX_LANGUAGE_STANDARD = "gnu++20";
				CLANG_ENABLE_MODULES = YES;
				CLANG_ENABLE_OBJC_ARC = YES;
				CLANG_ENABLE_OBJC_WEAK = YES;
				CLANG_WARN_BLOCK_CAPTURE_AUTORELEASING = YES;
				CLANG_WARN_BOOL_CONVERSION = YES;
				CLANG_WARN_COMMA = YES;
				CLANG_WARN_CONSTANT_CONVERSION = YES;
				CLANG_WARN_DEPRECATED_OBJC_IMPLEMENTATIONS = YES;
				CLANG_WARN_DIRECT_OBJC_ISA_USAGE = YES_ERROR;
				CLANG_WARN_DOCUMENTATION_COMMENTS = YES;
				CLANG_WARN_EMPTY_BODY = YES;
				CLANG_WARN_ENUM_CONVERSION = YES;
				CLANG_WARN_INFINITE_RECURSION = YES;
				CLANG_WARN_INT_CONVERSION = YES;
				CLANG_WARN_NON_LITERAL_NULL_CONVERSION = YES;
				CLANG_WARN_OBJC_IMPLICIT_RETAIN_SELF = YES;
				CLANG_WARN_OBJC_LITERAL_CONVERSION = YES;
				CLANG_WARN_OBJC_ROOT_CLASS = YES_ERROR;
				CLANG_WARN_QUOTED_INCLUDE_IN_FRAMEWORK_HEADER = YES;
				CLANG_WARN_RANGE_LOOP_ANALYSIS = YES;
				CLANG_WARN_STRICT_PROTOTYPES = YES;
				CLANG_WARN_SUSPICIOUS_MOVE = YES;
				CLANG_WARN_UNGUARDED_AVAILABILITY = YES_AGGRESSIVE;
				CLANG_WARN_UNREACHABLE_CODE = YES;
				CLANG_WARN__DUPLICATE_METHOD_MATCH = YES;
				COPY_PHASE_STRIP = NO;
				DEBUG_INFORMATION_FORMAT = "dwarf-with-dsym";
				ENABLE_NS_ASSERTIONS = NO;
				ENABLE_STRICT_OBJC_MSGSEND = YES;
				GCC_C_LANGUAGE_STANDARD = gnu11;
				GCC_NO_COMMON_BLOCKS = YES;
				GCC_WARN_64_TO_32_BIT_CONVERSION = YES;
				GCC_WARN_ABOUT_RETURN_TYPE = YES_ERROR;
				GCC_WARN_UNDECLARED_SELECTOR = YES;
				GCC_WARN_UNINITIALIZED_AUTOS = YES_AGGRESSIVE;
				GCC_WARN_UNUSED_FUNCTION = YES;
				GCC_WARN_UNUSED_VARIABLE = YES;
				IPHONEOS_DEPLOYMENT_TARGET = 16.2;
				MTL_ENABLE_DEBUG_INFO = NO;
				MTL_FAST_MATH = YES;
				SDKROOT = iphoneos;
				SWIFT_COMPILATION_MODE = wholemodule;
				SWIFT_OPTIMIZATION_LEVEL = "-O";
				VALIDATE_PRODUCT = YES;
			};
			name = Release;
		};
		49A494C32AEDE3AC004597C2 /* Debug */ = {
			isa = XCBuildConfiguration;
			buildSettings = {
				ASSETCATALOG_COMPILER_APPICON_NAME = AppIcon;
				ASSETCATALOG_COMPILER_GLOBAL_ACCENT_COLOR_NAME = AccentColor;
				CODE_SIGN_STYLE = Automatic;
				CURRENT_PROJECT_VERSION = 1;
				DEVELOPMENT_ASSET_PATHS = "\"Code History/Preview Content\"";
				DEVELOPMENT_TEAM = 89UK3UK3VB;
				ENABLE_PREVIEWS = YES;
				GENERATE_INFOPLIST_FILE = YES;
				INFOPLIST_KEY_UIApplicationSceneManifest_Generation = YES;
				INFOPLIST_KEY_UIApplicationSupportsIndirectInputEvents = YES;
				INFOPLIST_KEY_UILaunchScreen_Generation = YES;
				INFOPLIST_KEY_UISupportedInterfaceOrientations_iPad = "UIInterfaceOrientationPortrait UIInterfaceOrientationPortraitUpsideDown UIInterfaceOrientationLandscapeLeft UIInterfaceOrientationLandscapeRight";
				INFOPLIST_KEY_UISupportedInterfaceOrientations_iPhone = "UIInterfaceOrientationPortrait UIInterfaceOrientationLandscapeLeft UIInterfaceOrientationLandscapeRight";
				LD_RUNPATH_SEARCH_PATHS = (
					"$(inherited)",
					"@executable_path/Frameworks",
				);
				MARKETING_VERSION = 1.0;
				PRODUCT_BUNDLE_IDENTIFIER = "com.aguest.Code-History";
				PRODUCT_NAME = "$(TARGET_NAME)";
				SWIFT_EMIT_LOC_STRINGS = YES;
				SWIFT_VERSION = 5.0;
				TARGETED_DEVICE_FAMILY = "1,2";
			};
			name = Debug;
		};
		49A494C42AEDE3AC004597C2 /* Release */ = {
			isa = XCBuildConfiguration;
			buildSettings = {
				ASSETCATALOG_COMPILER_APPICON_NAME = AppIcon;
				ASSETCATALOG_COMPILER_GLOBAL_ACCENT_COLOR_NAME = AccentColor;
				CODE_SIGN_STYLE = Automatic;
				CURRENT_PROJECT_VERSION = 1;
				DEVELOPMENT_ASSET_PATHS = "\"Code History/Preview Content\"";
				DEVELOPMENT_TEAM = 89UK3UK3VB;
				ENABLE_PREVIEWS = YES;
				GENERATE_INFOPLIST_FILE = YES;
				INFOPLIST_KEY_UIApplicationSceneManifest_Generation = YES;
				INFOPLIST_KEY_UIApplicationSupportsIndirectInputEvents = YES;
				INFOPLIST_KEY_UILaunchScreen_Generation = YES;
				INFOPLIST_KEY_UISupportedInterfaceOrientations_iPad = "UIInterfaceOrientationPortrait UIInterfaceOrientationPortraitUpsideDown UIInterfaceOrientationLandscapeLeft UIInterfaceOrientationLandscapeRight";
				INFOPLIST_KEY_UISupportedInterfaceOrientations_iPhone = "UIInterfaceOrientationPortrait UIInterfaceOrientationLandscapeLeft UIInterfaceOrientationLandscapeRight";
				LD_RUNPATH_SEARCH_PATHS = (
					"$(inherited)",
					"@executable_path/Frameworks",
				);
				MARKETING_VERSION = 1.0;
				PRODUCT_BUNDLE_IDENTIFIER = "com.aguest.Code-History";
				PRODUCT_NAME = "$(TARGET_NAME)";
				SWIFT_EMIT_LOC_STRINGS = YES;
				SWIFT_VERSION = 5.0;
				TARGETED_DEVICE_FAMILY = "1,2";
			};
			name = Release;
		};
		49A494C62AEDE3AC004597C2 /* Debug */ = {
			isa = XCBuildConfiguration;
			buildSettings = {
				ALWAYS_EMBED_SWIFT_STANDARD_LIBRARIES = YES;
				BUNDLE_LOADER = "$(TEST_HOST)";
				CODE_SIGN_STYLE = Automatic;
				CURRENT_PROJECT_VERSION = 1;
				DEVELOPMENT_TEAM = 89UK3UK3VB;
				GENERATE_INFOPLIST_FILE = YES;
				IPHONEOS_DEPLOYMENT_TARGET = 16.2;
				MARKETING_VERSION = 1.0;
				PRODUCT_BUNDLE_IDENTIFIER = "com.aguest.Code-HistoryTests";
				PRODUCT_NAME = "$(TARGET_NAME)";
				SWIFT_EMIT_LOC_STRINGS = NO;
				SWIFT_VERSION = 5.0;
				TARGETED_DEVICE_FAMILY = "1,2";
				TEST_HOST = "$(BUILT_PRODUCTS_DIR)/Code History.app/$(BUNDLE_EXECUTABLE_FOLDER_PATH)/Code History";
			};
			name = Debug;
		};
		49A494C72AEDE3AC004597C2 /* Release */ = {
			isa = XCBuildConfiguration;
			buildSettings = {
				ALWAYS_EMBED_SWIFT_STANDARD_LIBRARIES = YES;
				BUNDLE_LOADER = "$(TEST_HOST)";
				CODE_SIGN_STYLE = Automatic;
				CURRENT_PROJECT_VERSION = 1;
				DEVELOPMENT_TEAM = 89UK3UK3VB;
				GENERATE_INFOPLIST_FILE = YES;
				IPHONEOS_DEPLOYMENT_TARGET = 16.2;
				MARKETING_VERSION = 1.0;
				PRODUCT_BUNDLE_IDENTIFIER = "com.aguest.Code-HistoryTests";
				PRODUCT_NAME = "$(TARGET_NAME)";
				SWIFT_EMIT_LOC_STRINGS = NO;
				SWIFT_VERSION = 5.0;
				TARGETED_DEVICE_FAMILY = "1,2";
				TEST_HOST = "$(BUILT_PRODUCTS_DIR)/Code History.app/$(BUNDLE_EXECUTABLE_FOLDER_PATH)/Code History";
			};
			name = Release;
		};
		49A494C92AEDE3AC004597C2 /* Debug */ = {
			isa = XCBuildConfiguration;
			buildSettings = {
				ALWAYS_EMBED_SWIFT_STANDARD_LIBRARIES = YES;
				CODE_SIGN_STYLE = Automatic;
				CURRENT_PROJECT_VERSION = 1;
				DEVELOPMENT_TEAM = 89UK3UK3VB;
				GENERATE_INFOPLIST_FILE = YES;
				MARKETING_VERSION = 1.0;
				PRODUCT_BUNDLE_IDENTIFIER = "com.aguest.Code-HistoryUITests";
				PRODUCT_NAME = "$(TARGET_NAME)";
				SWIFT_EMIT_LOC_STRINGS = NO;
				SWIFT_VERSION = 5.0;
				TARGETED_DEVICE_FAMILY = "1,2";
				TEST_TARGET_NAME = "Code History";
			};
			name = Debug;
		};
		49A494CA2AEDE3AC004597C2 /* Release */ = {
			isa = XCBuildConfiguration;
			buildSettings = {
				ALWAYS_EMBED_SWIFT_STANDARD_LIBRARIES = YES;
				CODE_SIGN_STYLE = Automatic;
				CURRENT_PROJECT_VERSION = 1;
				DEVELOPMENT_TEAM = 89UK3UK3VB;
				GENERATE_INFOPLIST_FILE = YES;
				MARKETING_VERSION = 1.0;
				PRODUCT_BUNDLE_IDENTIFIER = "com.aguest.Code-HistoryUITests";
				PRODUCT_NAME = "$(TARGET_NAME)";
				SWIFT_EMIT_LOC_STRINGS = NO;
				SWIFT_VERSION = 5.0;
				TARGETED_DEVICE_FAMILY = "1,2";
				TEST_TARGET_NAME = "Code History";
			};
			name = Release;
		};
/* End XCBuildConfiguration section */

/* Begin XCConfigurationList section */
		49A494992AEDE3A9004597C2 /* Build configuration list for PBXProject "Code History" */ = {
			isa = XCConfigurationList;
			buildConfigurations = (
				49A494C02AEDE3AC004597C2 /* Debug */,
				49A494C12AEDE3AC004597C2 /* Release */,
			);
			defaultConfigurationIsVisible = 0;
			defaultConfigurationName = Release;
		};
		49A494C22AEDE3AC004597C2 /* Build configuration list for PBXNativeTarget "Code History" */ = {
			isa = XCConfigurationList;
			buildConfigurations = (
				49A494C32AEDE3AC004597C2 /* Debug */,
				49A494C42AEDE3AC004597C2 /* Release */,
			);
			defaultConfigurationIsVisible = 0;
			defaultConfigurationName = Release;
		};
		49A494C52AEDE3AC004597C2 /* Build configuration list for PBXNativeTarget "Code HistoryTests" */ = {
			isa = XCConfigurationList;
			buildConfigurations = (
				49A494C62AEDE3AC004597C2 /* Debug */,
				49A494C72AEDE3AC004597C2 /* Release */,
			);
			defaultConfigurationIsVisible = 0;
			defaultConfigurationName = Release;
		};
		49A494C82AEDE3AC004597C2 /* Build configuration list for PBXNativeTarget "Code HistoryUITests" */ = {
			isa = XCConfigurationList;
			buildConfigurations = (
				49A494C92AEDE3AC004597C2 /* Debug */,
				49A494CA2AEDE3AC004597C2 /* Release */,
			);
			defaultConfigurationIsVisible = 0;
			defaultConfigurationName = Release;
		};
/* End XCConfigurationList section */
	};
	rootObject = 49A494962AEDE3A9004597C2 /* Project object */;
}
